
Microsoft Visual Studio Solution File, Format Version 12.00
# Visual Studio Version 16
VisualStudioVersion = 16.0.30128.36
MinimumVisualStudioVersion = 10.0.40219.1
Project("{FAE04EC0-301F-11D3-BF4B-00C04F79EFBC}") = "WebAppGitCICD", "WebAppGitCICD\WebAppGitCICD.csproj", "{F871EF06-D547-4CE7-94CF-1849B20E6149}"
EndProject
Global
	GlobalSection(SolutionConfigurationPlatforms) = preSolution
		Debug|Any CPU = Debug|Any CPU
		Release|Any CPU = Release|Any CPU
	EndGlobalSection
	GlobalSection(ProjectConfigurationPlatforms) = postSolution
		{F871EF06-D547-4CE7-94CF-1849B20E6149}.Debug|Any CPU.ActiveCfg = Debug|Any CPU
		{F871EF06-D547-4CE7-94CF-1849B20E6149}.Debug|Any CPU.Build.0 = Debug|Any CPU
		{F871EF06-D547-4CE7-94CF-1849B20E6149}.Release|Any CPU.ActiveCfg = Release|Any CPU
		{F871EF06-D547-4CE7-94CF-1849B20E6149}.Release|Any CPU.Build.0 = Release|Any CPU
	EndGlobalSection
	GlobalSection(SolutionProperties) = preSolution
		HideSolutionNode = FALSE
	EndGlobalSection
	GlobalSection(ExtensibilityGlobals) = postSolution
		SolutionGuid = {775D036A-278B-422E-AAC2-3810173DFF56}
	EndGlobalSection
EndGlobal
